
Microsoft Visual Studio Solution File, Format Version 12.00
# Visual Studio Version 17
VisualStudioVersion = 17.3.32825.248
MinimumVisualStudioVersion = 10.0.40219.1
Project("{FAE04EC0-301F-11D3-BF4B-00C04F79EFBC}") = "TrackerUI", "TrackerUI\TrackerUI.csproj", "{C53B8F47-460B-4D7A-B014-F394BAB70AAB}"
EndProject
Project("{FAE04EC0-301F-11D3-BF4B-00C04F79EFBC}") = "TrackerLibrary", "TrackerLibrary\TrackerLibrary.csproj", "{F3D2FEDD-B65F-435C-832B-8D1555BB9C54}"
EndProject
Global
	GlobalSection(SolutionConfigurationPlatforms) = preSolution
		Debug|Any CPU = Debug|Any CPU
		Release|Any CPU = Release|Any CPU
	EndGlobalSection
	GlobalSection(ProjectConfigurationPlatforms) = postSolution
		{C53B8F47-460B-4D7A-B014-F394BAB70AAB}.Debug|Any CPU.ActiveCfg = Debug|Any CPU
		{C53B8F47-460B-4D7A-B014-F394BAB70AAB}.Debug|Any CPU.Build.0 = Debug|Any CPU
		{C53B8F47-460B-4D7A-B014-F394BAB70AAB}.Release|Any CPU.ActiveCfg = Release|Any CPU
		{C53B8F47-460B-4D7A-B014-F394BAB70AAB}.Release|Any CPU.Build.0 = Release|Any CPU
		{F3D2FEDD-B65F-435C-832B-8D1555BB9C54}.Debug|Any CPU.ActiveCfg = Debug|Any CPU
		{F3D2FEDD-B65F-435C-832B-8D1555BB9C54}.Debug|Any CPU.Build.0 = Debug|Any CPU
		{F3D2FEDD-B65F-435C-832B-8D1555BB9C54}.Release|Any CPU.ActiveCfg = Release|Any CPU
		{F3D2FEDD-B65F-435C-832B-8D1555BB9C54}.Release|Any CPU.Build.0 = Release|Any CPU
	EndGlobalSection
	GlobalSection(SolutionProperties) = preSolution
		HideSolutionNode = FALSE
	EndGlobalSection
	GlobalSection(ExtensibilityGlobals) = postSolution
		SolutionGuid = {812A3AE9-8B78-417D-ADBD-D8C787650427}
	EndGlobalSection
EndGlobal
